{
  "name": "wikibase-for-firefox",
  "version": "1.0.0",
  "lockfileVersion": 3,
  "requires": true,
  "packages": {
    "": {
      "name": "wikibase-for-firefox",
      "version": "1.0.0",
      "license": "ISC",
      "dependencies": {
        "binary-variations": "^1.0.2",
        "htm": "^3.1.1",
        "leaflet": "^1.9.4",
        "preact": "^10.19.2",
        "wikibase-sdk": "^9.2.4"
      },
      "devDependencies": {
        "prettier": "^3.2.5"
      }
    },
    "node_modules/binary-variations": {
      "version": "1.0.2",
      "resolved": "https://registry.npmjs.org/binary-variations/-/binary-variations-1.0.2.tgz",
      "integrity": "sha512-tGV7qxP1juzxlC5tzkX1z1bVkcQE9vGbeFDrnUIhu2UHD29k1YVMNrXDgW8ZzBo07kQSKvLZgSI4JVgw18KuTQ=="
    },
    "node_modules/htm": {
      "version": "3.1.1",
      "resolved": "https://registry.npmjs.org/htm/-/htm-3.1.1.tgz",
      "integrity": "sha512-983Vyg8NwUE7JkZ6NmOqpCZ+sh1bKv2iYTlUkzlWmA5JD2acKoxd4KVxbMmxX/85mtfdnDmTFoNKcg5DGAvxNQ=="
    },
    "node_modules/leaflet": {
      "version": "1.9.4",
      "resolved": "https://registry.npmjs.org/leaflet/-/leaflet-1.9.4.tgz",
      "integrity": "sha512-nxS1ynzJOmOlHp+iL3FyWqK89GtNL8U8rvlMOsQdTTssxZwCXh8N2NB3GDQOL+YR3XnWyZAxwQixURb+FA74PA=="
    },
    "node_modules/preact": {
      "version": "10.19.2",
      "resolved": "https://registry.npmjs.org/preact/-/preact-10.19.2.tgz",
      "integrity": "sha512-UA9DX/OJwv6YwP9Vn7Ti/vF80XL+YA5H2l7BpCtUr3ya8LWHFzpiO5R+N7dN16ujpIxhekRFuOOF82bXX7K/lg==",
      "funding": {
        "type": "opencollective",
        "url": "https://opencollective.com/preact"
      }
    },
    "node_modules/prettier": {
      "version": "3.2.5",
      "resolved": "https://registry.npmjs.org/prettier/-/prettier-3.2.5.tgz",
      "integrity": "sha512-3/GWa9aOC0YeD7LUfvOG2NiDyhOWRvt1k+rcKhOuYnMY24iiCphgneUfJDyFXd6rZCAnuLBv6UeAULtrhT/F4A==",
      "dev": true,
      "bin": {
        "prettier": "bin/prettier.cjs"
      },
      "engines": {
        "node": ">=14"
      },
      "funding": {
        "url": "https://github.com/prettier/prettier?sponsor=1"
      }
    },
    "node_modules/wikibase-sdk": {
      "version": "9.2.4",
      "resolved": "https://registry.npmjs.org/wikibase-sdk/-/wikibase-sdk-9.2.4.tgz",
      "integrity": "sha512-zYfw+5aFbURIDz6xAIp9EObOAbBvSfAphxJVN7Jt5639W1zz7ApG2xUb9Boo+87jiJpoc3ZcIHn5VumYroLpJg==",
      "engines": {
        "node": ">= 12.0.0"
      }
    }
  }
}
